
Microsoft Visual Studio Solution File, Format Version 12.00
# Visual Studio 15
VisualStudioVersion = 15.0.26430.6
MinimumVisualStudioVersion = 10.0.40219.1
Project("{FAE04EC0-301F-11D3-BF4B-00C04F79EFBC}") = "BlogSystem", "BlogSystem\BlogSystem.csproj", "{96166D78-8B68-419E-8333-6B41637AC9EF}"
EndProject
Project("{2150E333-8FDC-42A3-9474-1A3956D46DE8}") = "Solution Items", "Solution Items", "{59B0FD2D-BFAA-4E86-AE71-E62A59A420A9}"
	ProjectSection(SolutionItems) = preProject
		README.md = README.md
	EndProjectSection
EndProject
Project("{FAE04EC0-301F-11D3-BF4B-00C04F79EFBC}") = "BlogDataSimulator", "BlogDataSimulator\BlogDataSimulator.csproj", "{5BCEF0E4-43A1-47B7-AFF9-BA648169D4BE}"
EndProject
Project("{FAE04EC0-301F-11D3-BF4B-00C04F79EFBC}") = "CodeSnippet", "CodeSnippet\CodeSnippet.csproj", "{4869DBF9-4E6B-4382-A354-0696F5D5C7BE}"
EndProject
Global
	GlobalSection(SolutionConfigurationPlatforms) = preSolution
		Debug|Any CPU = Debug|Any CPU
		Release|Any CPU = Release|Any CPU
	EndGlobalSection
	GlobalSection(ProjectConfigurationPlatforms) = postSolution
		{96166D78-8B68-419E-8333-6B41637AC9EF}.Debug|Any CPU.ActiveCfg = Debug|Any CPU
		{96166D78-8B68-419E-8333-6B41637AC9EF}.Debug|Any CPU.Build.0 = Debug|Any CPU
		{96166D78-8B68-419E-8333-6B41637AC9EF}.Release|Any CPU.ActiveCfg = Release|Any CPU
		{96166D78-8B68-419E-8333-6B41637AC9EF}.Release|Any CPU.Build.0 = Release|Any CPU
		{5BCEF0E4-43A1-47B7-AFF9-BA648169D4BE}.Debug|Any CPU.ActiveCfg = Debug|Any CPU
		{5BCEF0E4-43A1-47B7-AFF9-BA648169D4BE}.Debug|Any CPU.Build.0 = Debug|Any CPU
		{5BCEF0E4-43A1-47B7-AFF9-BA648169D4BE}.Release|Any CPU.ActiveCfg = Release|Any CPU
		{5BCEF0E4-43A1-47B7-AFF9-BA648169D4BE}.Release|Any CPU.Build.0 = Release|Any CPU
		{4869DBF9-4E6B-4382-A354-0696F5D5C7BE}.Debug|Any CPU.ActiveCfg = Debug|Any CPU
		{4869DBF9-4E6B-4382-A354-0696F5D5C7BE}.Debug|Any CPU.Build.0 = Debug|Any CPU
		{4869DBF9-4E6B-4382-A354-0696F5D5C7BE}.Release|Any CPU.ActiveCfg = Release|Any CPU
		{4869DBF9-4E6B-4382-A354-0696F5D5C7BE}.Release|Any CPU.Build.0 = Release|Any CPU
	EndGlobalSection
	GlobalSection(SolutionProperties) = preSolution
		HideSolutionNode = FALSE
	EndGlobalSection
EndGlobal
